
Microsoft Visual Studio Solution File, Format Version 12.00
# Visual Studio 15
Project("{FAE04EC0-301F-11D3-BF4B-00C04F79EFBC}") = "Assembly-CSharp", "Assembly-CSharp.csproj", "{5EBACC75-E691-CEDB-409E-30753AB5F8C9}"
EndProject
Project("{FAE04EC0-301F-11D3-BF4B-00C04F79EFBC}") = "Unity.TextMeshPro", "Unity.TextMeshPro.csproj", "{8388DD5C-BDB7-5F26-C5B8-4AFC01C687BD}"
EndProject
Project("{FAE04EC0-301F-11D3-BF4B-00C04F79EFBC}") = "Unity.TextMeshPro.Tests", "Unity.TextMeshPro.Tests.csproj", "{4887A506-4086-44AD-0D57-45DFA20EED25}"
EndProject
Project("{FAE04EC0-301F-11D3-BF4B-00C04F79EFBC}") = "Unity.PackageManagerUI.EditorTests", "Unity.PackageManagerUI.EditorTests.csproj", "{B90A9254-1499-59FE-86A6-C7A48E496BAF}"
EndProject
Project("{FAE04EC0-301F-11D3-BF4B-00C04F79EFBC}") = "Unity.PackageManagerUI.Editor", "Unity.PackageManagerUI.Editor.csproj", "{0CB66A41-4E32-B391-9F9E-74D1543556F9}"
EndProject
Project("{FAE04EC0-301F-11D3-BF4B-00C04F79EFBC}") = "Unity.TextMeshPro.Editor", "Unity.TextMeshPro.Editor.csproj", "{8B885894-1D20-0328-DB53-E6205B2ECB13}"
EndProject
Project("{FAE04EC0-301F-11D3-BF4B-00C04F79EFBC}") = "UnityEditor.StandardEvents", "UnityEditor.StandardEvents.csproj", "{9E51DECE-8006-15DE-98AC-E264063F6388}"
EndProject
Project("{FAE04EC0-301F-11D3-BF4B-00C04F79EFBC}") = "Unity.TextMeshPro.Editor.Tests", "Unity.TextMeshPro.Editor.Tests.csproj", "{95803D42-E083-1CA5-A558-9E8F73D75BB4}"
EndProject
Global
	GlobalSection(SolutionConfigurationPlatforms) = preSolution
		Debug|Any CPU = Debug|Any CPU
		Release|Any CPU = Release|Any CPU
	EndGlobalSection
	GlobalSection(ProjectConfigurationPlatforms) = postSolution
		{5EBACC75-E691-CEDB-409E-30753AB5F8C9}.Debug|Any CPU.ActiveCfg = Debug|Any CPU
		{5EBACC75-E691-CEDB-409E-30753AB5F8C9}.Debug|Any CPU.Build.0 = Debug|Any CPU
		{5EBACC75-E691-CEDB-409E-30753AB5F8C9}.Release|Any CPU.ActiveCfg = Release|Any CPU
		{5EBACC75-E691-CEDB-409E-30753AB5F8C9}.Release|Any CPU.Build.0 = Release|Any CPU
		{8388DD5C-BDB7-5F26-C5B8-4AFC01C687BD}.Debug|Any CPU.ActiveCfg = Debug|Any CPU
		{8388DD5C-BDB7-5F26-C5B8-4AFC01C687BD}.Debug|Any CPU.Build.0 = Debug|Any CPU
		{8388DD5C-BDB7-5F26-C5B8-4AFC01C687BD}.Release|Any CPU.ActiveCfg = Release|Any CPU
		{8388DD5C-BDB7-5F26-C5B8-4AFC01C687BD}.Release|Any CPU.Build.0 = Release|Any CPU
		{4887A506-4086-44AD-0D57-45DFA20EED25}.Debug|Any CPU.ActiveCfg = Debug|Any CPU
		{4887A506-4086-44AD-0D57-45DFA20EED25}.Debug|Any CPU.Build.0 = Debug|Any CPU
		{4887A506-4086-44AD-0D57-45DFA20EED25}.Release|Any CPU.ActiveCfg = Release|Any CPU
		{4887A506-4086-44AD-0D57-45DFA20EED25}.Release|Any CPU.Build.0 = Release|Any CPU
		{B90A9254-1499-59FE-86A6-C7A48E496BAF}.Debug|Any CPU.ActiveCfg = Debug|Any CPU
		{B90A9254-1499-59FE-86A6-C7A48E496BAF}.Debug|Any CPU.Build.0 = Debug|Any CPU
		{B90A9254-1499-59FE-86A6-C7A48E496BAF}.Release|Any CPU.ActiveCfg = Release|Any CPU
		{B90A9254-1499-59FE-86A6-C7A48E496BAF}.Release|Any CPU.Build.0 = Release|Any CPU
		{0CB66A41-4E32-B391-9F9E-74D1543556F9}.Debug|Any CPU.ActiveCfg = Debug|Any CPU
		{0CB66A41-4E32-B391-9F9E-74D1543556F9}.Debug|Any CPU.Build.0 = Debug|Any CPU
		{0CB66A41-4E32-B391-9F9E-74D1543556F9}.Release|Any CPU.ActiveCfg = Release|Any CPU
		{0CB66A41-4E32-B391-9F9E-74D1543556F9}.Release|Any CPU.Build.0 = Release|Any CPU
		{8B885894-1D20-0328-DB53-E6205B2ECB13}.Debug|Any CPU.ActiveCfg = Debug|Any CPU
		{8B885894-1D20-0328-DB53-E6205B2ECB13}.Debug|Any CPU.Build.0 = Debug|Any CPU
		{8B885894-1D20-0328-DB53-E6205B2ECB13}.Release|Any CPU.ActiveCfg = Release|Any CPU
		{8B885894-1D20-0328-DB53-E6205B2ECB13}.Release|Any CPU.Build.0 = Release|Any CPU
		{9E51DECE-8006-15DE-98AC-E264063F6388}.Debug|Any CPU.ActiveCfg = Debug|Any CPU
		{9E51DECE-8006-15DE-98AC-E264063F6388}.Debug|Any CPU.Build.0 = Debug|Any CPU
		{9E51DECE-8006-15DE-98AC-E264063F6388}.Release|Any CPU.ActiveCfg = Release|Any CPU
		{9E51DECE-8006-15DE-98AC-E264063F6388}.Release|Any CPU.Build.0 = Release|Any CPU
		{95803D42-E083-1CA5-A558-9E8F73D75BB4}.Debug|Any CPU.ActiveCfg = Debug|Any CPU
		{95803D42-E083-1CA5-A558-9E8F73D75BB4}.Debug|Any CPU.Build.0 = Debug|Any CPU
		{95803D42-E083-1CA5-A558-9E8F73D75BB4}.Release|Any CPU.ActiveCfg = Release|Any CPU
		{95803D42-E083-1CA5-A558-9E8F73D75BB4}.Release|Any CPU.Build.0 = Release|Any CPU
	EndGlobalSection
	GlobalSection(SolutionProperties) = preSolution
		HideSolutionNode = FALSE
	EndGlobalSection
EndGlobal
